
Microsoft Visual Studio Solution File, Format Version 12.00
# Visual Studio Version 17
VisualStudioVersion = 17.5.33530.505
MinimumVisualStudioVersion = 10.0.40219.1
Project("{FAE04EC0-301F-11D3-BF4B-00C04F79EFBC}") = "WordCounter", "WordCounter\WordCounter.csproj", "{0CD41FAE-238E-45BE-AFE9-8F79B535AB70}"
EndProject
Global
	GlobalSection(SolutionConfigurationPlatforms) = preSolution
		Debug|Any CPU = Debug|Any CPU
		Release|Any CPU = Release|Any CPU
	EndGlobalSection
	GlobalSection(ProjectConfigurationPlatforms) = postSolution
		{0CD41FAE-238E-45BE-AFE9-8F79B535AB70}.Debug|Any CPU.ActiveCfg = Debug|Any CPU
		{0CD41FAE-238E-45BE-AFE9-8F79B535AB70}.Debug|Any CPU.Build.0 = Debug|Any CPU
		{0CD41FAE-238E-45BE-AFE9-8F79B535AB70}.Release|Any CPU.ActiveCfg = Release|Any CPU
		{0CD41FAE-238E-45BE-AFE9-8F79B535AB70}.Release|Any CPU.Build.0 = Release|Any CPU
	EndGlobalSection
	GlobalSection(SolutionProperties) = preSolution
		HideSolutionNode = FALSE
	EndGlobalSection
	GlobalSection(ExtensibilityGlobals) = postSolution
		SolutionGuid = {DC8A5DB4-A350-421B-8204-A47F793260B3}
	EndGlobalSection
EndGlobal
